{
  "name": "user-registration",
  "version": "1.0.0",
  "lockfileVersion": 1,
  "requires": true,
  "dependencies": {
    "@aws-crypto/cache-material": {
      "version": "3.0.0",
      "resolved": "https://registry.npmjs.org/@aws-crypto/cache-material/-/cache-material-3.0.0.tgz",
      "integrity": "sha512-WHWU8AoZ0kCGeu8YS5sTnRVAcTCHs1xapCQAwGx/QRhP6KZZRHyLxqULaNDGKVTOlqJ3Rhsiyx4pbKZgKjrKWg==",
      "requires": {
        "@aws-crypto/material-management": "^3.0.0",
        "@aws-crypto/serialize": "^3.0.0",
        "@types/lru-cache": "^5.1.0",
        "lru-cache": "^6.0.0",
        "tslib": "^2.2.0"
      }
    },
    "@aws-crypto/caching-materials-manager-node": {
      "version": "3.0.0",
      "resolved": "https://registry.npmjs.org/@aws-crypto/caching-materials-manager-node/-/caching-materials-manager-node-3.0.0.tgz",
      "integrity": "sha512-axn/9zjrwIdqdQd4QmIUBtthmQsvwQSqIbH38pF5QRlSjYxc7Ne2l2UE33HLpKjWoeWiaPZBs1KF8VxHmmSh2A==",
      "requires": {
        "@aws-crypto/cache-material": "^3.0.0",
        "@aws-crypto/material-management-node": "^3.0.0",
        "tslib": "^2.2.0"
      }
    },
    "@aws-crypto/client-node": {
      "version": "3.0.0",
      "resolved": "https://registry.npmjs.org/@aws-crypto/client-node/-/client-node-3.0.0.tgz",
      "integrity": "sha512-pKpn0Dd3UO43b2f/Sm7BaKTa6R6lACfmRl62Dw59bTb1H0PwceFAZ7bKMeqzQto9R9njYU7j+cKRXPcpLZxBMQ==",
      "requires": {
        "@aws-crypto/caching-materials-manager-node": "^3.0.0",
        "@aws-crypto/decrypt-node": "^3.0.0",
        "@aws-crypto/encrypt-node": "^3.0.0",
        "@aws-crypto/kms-keyring-node": "^3.0.0",
        "@aws-crypto/material-management-node": "^3.0.0",
        "@aws-crypto/raw-aes-keyring-node": "^3.0.0",
        "@aws-crypto/raw-rsa-keyring-node": "^3.0.0",
        "tslib": "^2.2.0"
      }
    },
    "@aws-crypto/decrypt-node": {
      "version": "3.0.0",
      "resolved": "https://registry.npmjs.org/@aws-crypto/decrypt-node/-/decrypt-node-3.0.0.tgz",
      "integrity": "sha512-y1QgWd/kugsTuiUPB/m6npbsbcj2uYoz3Az/ndm0uibi0ZJ2J/jOreyfKe6mSpA+idINFd9Jkn7tAvEP3Ja6iw==",
      "requires": {
        "@aws-crypto/material-management-node": "^3.0.0",
        "@aws-crypto/serialize": "^3.0.0",
        "@types/duplexify": "^3.6.0",
        "duplexify": "^4.1.1",
        "readable-stream": "^3.6.0",
        "tslib": "^2.2.0"
      },
      "dependencies": {
        "readable-stream": {
          "version": "3.6.0",
          "resolved": "https://registry.npmjs.org/readable-stream/-/readable-stream-3.6.0.tgz",
          "integrity": "sha512-BViHy7LKeTz4oNnkcLJ+lVSL6vpiFeX6/d3oSH8zCW7UxP2onchk+vTGB143xuFjHS3deTgkKoXXymXqymiIdA==",
          "requires": {
            "inherits": "^2.0.3",
            "string_decoder": "^1.1.1",
            "util-deprecate": "^1.0.1"
          }
        }
      }
    },
    "@aws-crypto/encrypt-node": {
      "version": "3.0.0",
      "resolved": "https://registry.npmjs.org/@aws-crypto/encrypt-node/-/encrypt-node-3.0.0.tgz",
      "integrity": "sha512-tcsGoG4QX9w/obuA0pygFirJNZKky21yWVwoNHJj1OQogA6XcfLRqAJT5p82Y8J3Ap0qPsTDFQtRnty3xajidA==",
      "requires": {
        "@aws-crypto/material-management-node": "^3.0.0",
        "@aws-crypto/serialize": "^3.0.0",
        "@types/duplexify": "^3.6.0",
        "duplexify": "^4.1.1",
        "readable-stream": "^3.6.0",
        "tslib": "^2.2.0"
      },
      "dependencies": {
        "readable-stream": {
          "version": "3.6.0",
          "resolved": "https://registry.npmjs.org/readable-stream/-/readable-stream-3.6.0.tgz",
          "integrity": "sha512-BViHy7LKeTz4oNnkcLJ+lVSL6vpiFeX6/d3oSH8zCW7UxP2onchk+vTGB143xuFjHS3deTgkKoXXymXqymiIdA==",
          "requires": {
            "inherits": "^2.0.3",
            "string_decoder": "^1.1.1",
            "util-deprecate": "^1.0.1"
          }
        }
      }
    },
    "@aws-crypto/hkdf-node": {
      "version": "3.0.0",
      "resolved": "https://registry.npmjs.org/@aws-crypto/hkdf-node/-/hkdf-node-3.0.0.tgz",
      "integrity": "sha512-boeNV9G3Jk6W5Q9Zcj8yGqIOoQ2PwB+yvA/xFUazlu6qTtGRTviqkVx0Bf6r68KrkvmIY/9STN0mlF9q3jzPcQ==",
      "requires": {
        "tslib": "^2.2.0"
      }
    },
    "@aws-crypto/kms-keyring": {
      "version": "3.0.0",
      "resolved": "https://registry.npmjs.org/@aws-crypto/kms-keyring/-/kms-keyring-3.0.0.tgz",
      "integrity": "sha512-j5nnL/ud17lExEqzHYb1txutlmEwmcL869yG/7dn983AhtDSDSbKRtfw1KhgcHBmfy55e6G00DCWomzKyYGyAw==",
      "requires": {
        "@aws-crypto/material-management": "^3.0.0",
        "tslib": "^2.2.0"
      }
    },
    "@aws-crypto/kms-keyring-node": {
      "version": "3.0.0",
      "resolved": "https://registry.npmjs.org/@aws-crypto/kms-keyring-node/-/kms-keyring-node-3.0.0.tgz",
      "integrity": "sha512-rHLjkY7H8LfXWeNlMIok3OhvoB1De/zn6n2pQXhQ/xkXTyGHS9FoETWbTybO/EjE8x03nNbjKCkP4iGHTVqLCQ==",
      "requires": {
        "@aws-crypto/kms-keyring": "^3.0.0",
        "@aws-crypto/material-management-node": "^3.0.0",
        "aws-sdk": "^2.650.0",
        "tslib": "^2.2.0"
      }
    },
    "@aws-crypto/material-management": {
      "version": "3.0.0",
      "resolved": "https://registry.npmjs.org/@aws-crypto/material-management/-/material-management-3.0.0.tgz",
      "integrity": "sha512-q9Rml8J7WyIGIg1pbJRz6Px3066w6zV4w2WHIJEJfF3IoXMjti5Ghk2117xoJ2L9UWDFDnBzshmWAHMkscG0Yw==",
      "requires": {
        "asn1.js": "^5.3.0",
        "bn.js": "^5.1.1",
        "tslib": "^2.2.0"
      }
    },
    "@aws-crypto/material-management-node": {
      "version": "3.0.0",
      "resolved": "https://registry.npmjs.org/@aws-crypto/material-management-node/-/material-management-node-3.0.0.tgz",
      "integrity": "sha512-1W5zRNGLE+47idBDVgLCPTg6YFQtJP6+H8/CZH8Ykxi2LgubuH96vyx2oyDOrtNpihMWJPofsnJY4JBSp04oOQ==",
      "requires": {
        "@aws-crypto/hkdf-node": "^3.0.0",
        "@aws-crypto/material-management": "^3.0.0",
        "@aws-crypto/serialize": "^3.0.0",
        "tslib": "^2.2.0"
      }
    },
    "@aws-crypto/raw-aes-keyring-node": {
      "version": "3.0.0",
      "resolved": "https://registry.npmjs.org/@aws-crypto/raw-aes-keyring-node/-/raw-aes-keyring-node-3.0.0.tgz",
      "integrity": "sha512-FcNro5ZND9nR8+aCNL50AM+P5IKf+RX6InXMJwG88IbP8FyAPnEqF8Gf+8ZLRnI9jPA6wcvAZlVHDwltyJpSMA==",
      "requires": {
        "@aws-crypto/material-management-node": "^3.0.0",
        "@aws-crypto/raw-keyring": "^3.0.0",
        "@aws-crypto/serialize": "^3.0.0",
        "tslib": "^2.2.0"
      }
    },
    "@aws-crypto/raw-keyring": {
      "version": "3.0.0",
      "resolved": "https://registry.npmjs.org/@aws-crypto/raw-keyring/-/raw-keyring-3.0.0.tgz",
      "integrity": "sha512-5HTwVJCA8VZY5SVBHMBOt6I77bBYrZKKEQdpOVJK03oPVcti67Gu70bi9g72O6IyF16AAZwjTpL/9xaX7EurpA==",
      "requires": {
        "@aws-crypto/material-management": "^3.0.0",
        "@aws-crypto/serialize": "^3.0.0",
        "tslib": "^2.2.0"
      }
    },
    "@aws-crypto/raw-rsa-keyring-node": {
      "version": "3.0.0",
      "resolved": "https://registry.npmjs.org/@aws-crypto/raw-rsa-keyring-node/-/raw-rsa-keyring-node-3.0.0.tgz",
      "integrity": "sha512-WAW9SEEkCU4hPKzaIVsUlIVQxcv+yBuY+Iz/vYVHsS2b+IJSSFZd9KhzfW5wXvS0Acin0wSQwRegedxUtDRMtQ==",
      "requires": {
        "@aws-crypto/material-management-node": "^3.0.0",
        "@aws-crypto/raw-keyring": "^3.0.0",
        "tslib": "^2.2.0"
      }
    },
    "@aws-crypto/serialize": {
      "version": "3.0.0",
      "resolved": "https://registry.npmjs.org/@aws-crypto/serialize/-/serialize-3.0.0.tgz",
      "integrity": "sha512-19Apgh5+EXPRzeVxH8wIzicLUTLMqMVBUL6DZ4OXcRKQG+XvXHJa3erjuHNkMHXFr599DcPgkVJpKcPFd3SHYg==",
      "requires": {
        "@aws-crypto/material-management": "^3.0.0",
        "asn1.js": "^5.3.0",
        "bn.js": "^5.1.1",
        "tslib": "^2.2.0"
      }
    },
    "@types/duplexify": {
      "version": "3.6.0",
      "resolved": "https://registry.npmjs.org/@types/duplexify/-/duplexify-3.6.0.tgz",
      "integrity": "sha512-5zOA53RUlzN74bvrSGwjudssD9F3a797sDZQkiYpUOxW+WHaXTCPz4/d5Dgi6FKnOqZ2CpaTo0DhgIfsXAOE/A==",
      "requires": {
        "@types/node": "*"
      }
    },
    "@types/lru-cache": {
      "version": "5.1.1",
      "resolved": "https://registry.npmjs.org/@types/lru-cache/-/lru-cache-5.1.1.tgz",
      "integrity": "sha512-ssE3Vlrys7sdIzs5LOxCzTVMsU7i9oa/IaW92wF32JFb3CVczqOkru2xspuKczHEbG3nvmPY7IFqVmGGHdNbYw=="
    },
    "@types/node": {
      "version": "16.7.6",
      "resolved": "https://registry.npmjs.org/@types/node/-/node-16.7.6.tgz",
      "integrity": "sha512-VESVNFoa/ahYA62xnLBjo5ur6gPsgEE5cNRy8SrdnkZ2nwJSW0kJ4ufbFr2zuU9ALtHM8juY53VcRoTA7htXSg=="
    },
    "asn1.js": {
      "version": "5.4.1",
      "resolved": "https://registry.npmjs.org/asn1.js/-/asn1.js-5.4.1.tgz",
      "integrity": "sha512-+I//4cYPccV8LdmBLiX8CYvf9Sp3vQsrqu2QNXRcrbiWvcx/UdlFiqUJJzxRQxgsZmvhXhn4cSKeSmoFjVdupA==",
      "requires": {
        "bn.js": "^4.0.0",
        "inherits": "^2.0.1",
        "minimalistic-assert": "^1.0.0",
        "safer-buffer": "^2.1.0"
      },
      "dependencies": {
        "bn.js": {
          "version": "4.12.0",
          "resolved": "https://registry.npmjs.org/bn.js/-/bn.js-4.12.0.tgz",
          "integrity": "sha512-c98Bf3tPniI+scsdk237ku1Dc3ujXQTSgyiPUDEOe7tRkhrqridvh8klBv0HCEso1OLOYcHuCv/cS6DNxKH+ZA=="
        }
      }
    },
    "aws-sdk": {
      "version": "2.976.0",
      "resolved": "https://registry.npmjs.org/aws-sdk/-/aws-sdk-2.976.0.tgz",
      "integrity": "sha512-LWVh3nko6yGDfGcDW9nIClaukthkTueq7I/dXVNv4g9kuy2VOl5fVTPMACgTibWINAM29wZCM+gVQSSZu/Veow==",
      "requires": {
        "buffer": "4.9.2",
        "events": "1.1.1",
        "ieee754": "1.1.13",
        "jmespath": "0.15.0",
        "querystring": "0.2.0",
        "sax": "1.2.1",
        "url": "0.10.3",
        "uuid": "3.3.2",
        "xml2js": "0.4.19"
      },
      "dependencies": {
        "uuid": {
          "version": "3.3.2",
          "resolved": "https://registry.npmjs.org/uuid/-/uuid-3.3.2.tgz",
          "integrity": "sha512-yXJmeNaw3DnnKAOKJE51sL/ZaYfWJRl1pK9dr19YFCu0ObS231AB1/LbqTKRAQ5kw8A90rA6fr4riOUpTZvQZA=="
        }
      }
    },
    "base64-js": {
      "version": "1.5.1",
      "resolved": "https://registry.npmjs.org/base64-js/-/base64-js-1.5.1.tgz",
      "integrity": "sha512-AKpaYlHn8t4SVbOHCy+b5+KKgvR4vrsD8vbvrbiQJps7fKDTkjkDry6ji0rUJjC0kzbNePLwzxq8iypo41qeWA=="
    },
    "bn.js": {
      "version": "5.2.0",
      "resolved": "https://registry.npmjs.org/bn.js/-/bn.js-5.2.0.tgz",
      "integrity": "sha512-D7iWRBvnZE8ecXiLj/9wbxH7Tk79fAh8IHaTNq1RWRixsS02W+5qS+iE9yq6RYl0asXx5tw0bLhmT5pIfbSquw=="
    },
    "buffer": {
      "version": "4.9.2",
      "resolved": "https://registry.npmjs.org/buffer/-/buffer-4.9.2.tgz",
      "integrity": "sha512-xq+q3SRMOxGivLhBNaUdC64hDTQwejJ+H0T/NB1XMtTVEwNTrfFF3gAxiyW0Bu/xWEGhjVKgUcMhCrUy2+uCWg==",
      "requires": {
        "base64-js": "^1.0.2",
        "ieee754": "^1.1.4",
        "isarray": "^1.0.0"
      }
    },
    "duplexify": {
      "version": "4.1.2",
      "resolved": "https://registry.npmjs.org/duplexify/-/duplexify-4.1.2.tgz",
      "integrity": "sha512-fz3OjcNCHmRP12MJoZMPglx8m4rrFP8rovnk4vT8Fs+aonZoCwGg10dSsQsfP/E62eZcPTMSMP6686fu9Qlqtw==",
      "requires": {
        "end-of-stream": "^1.4.1",
        "inherits": "^2.0.3",
        "readable-stream": "^3.1.1",
        "stream-shift": "^1.0.0"
      },
      "dependencies": {
        "readable-stream": {
          "version": "3.6.0",
          "resolved": "https://registry.npmjs.org/readable-stream/-/readable-stream-3.6.0.tgz",
          "integrity": "sha512-BViHy7LKeTz4oNnkcLJ+lVSL6vpiFeX6/d3oSH8zCW7UxP2onchk+vTGB143xuFjHS3deTgkKoXXymXqymiIdA==",
          "requires": {
            "inherits": "^2.0.3",
            "string_decoder": "^1.1.1",
            "util-deprecate": "^1.0.1"
          }
        }
      }
    },
    "end-of-stream": {
      "version": "1.4.4",
      "resolved": "https://registry.npmjs.org/end-of-stream/-/end-of-stream-1.4.4.tgz",
      "integrity": "sha512-+uw1inIHVPQoaVuHzRyXd21icM+cnt4CzD5rW+NC1wjOUSTOs+Te7FOv7AhN7vS9x/oIyhLP5PR1H+phQAHu5Q==",
      "requires": {
        "once": "^1.4.0"
      }
    },
    "events": {
      "version": "1.1.1",
      "resolved": "https://registry.npmjs.org/events/-/events-1.1.1.tgz",
      "integrity": "sha1-nr23Y1rQmccNzEwqH1AEKI6L2SQ="
    },
    "ieee754": {
      "version": "1.1.13",
      "resolved": "https://registry.npmjs.org/ieee754/-/ieee754-1.1.13.tgz",
      "integrity": "sha512-4vf7I2LYV/HaWerSo3XmlMkp5eZ83i+/CDluXi/IGTs/O1sejBNhTtnxzmRZfvOUqj7lZjqHkeTvpgSFDlWZTg=="
    },
    "inherits": {
      "version": "2.0.4",
      "resolved": "https://registry.npmjs.org/inherits/-/inherits-2.0.4.tgz",
      "integrity": "sha512-k/vGaX4/Yla3WzyMCvTQOXYeIHvqOKtnqBduzTHpzpQZzAskKMhZ2K+EnBiSM9zGSoIFeMpXKxa4dYeZIQqewQ=="
    },
    "isarray": {
      "version": "1.0.0",
      "resolved": "https://registry.npmjs.org/isarray/-/isarray-1.0.0.tgz",
      "integrity": "sha1-u5NdSFgsuhaMBoNJV6VKPgcSTxE="
    },
    "jmespath": {
      "version": "0.15.0",
      "resolved": "https://registry.npmjs.org/jmespath/-/jmespath-0.15.0.tgz",
      "integrity": "sha1-o/Iiqarp+Wb10nx5ZRDigJF2Qhc="
    },
    "lru-cache": {
      "version": "6.0.0",
      "resolved": "https://registry.npmjs.org/lru-cache/-/lru-cache-6.0.0.tgz",
      "integrity": "sha512-Jo6dJ04CmSjuznwJSS3pUeWmd/H0ffTlkXXgwZi+eq1UCmqQwCh+eLsYOYCwY991i2Fah4h1BEMCx4qThGbsiA==",
      "requires": {
        "yallist": "^4.0.0"
      }
    },
    "minimalistic-assert": {
      "version": "1.0.1",
      "resolved": "https://registry.npmjs.org/minimalistic-assert/-/minimalistic-assert-1.0.1.tgz",
      "integrity": "sha512-UtJcAD4yEaGtjPezWuO9wC4nwUnVH/8/Im3yEHQP4b67cXlD/Qr9hdITCU1xDbSEXg2XKNaP8jsReV7vQd00/A=="
    },
    "once": {
      "version": "1.4.0",
      "resolved": "https://registry.npmjs.org/once/-/once-1.4.0.tgz",
      "integrity": "sha1-WDsap3WWHUsROsF9nFC6753Xa9E=",
      "requires": {
        "wrappy": "1"
      }
    },
    "punycode": {
      "version": "1.3.2",
      "resolved": "https://registry.npmjs.org/punycode/-/punycode-1.3.2.tgz",
      "integrity": "sha1-llOgNvt8HuQjQvIyXM7v6jkmxI0="
    },
    "querystring": {
      "version": "0.2.0",
      "resolved": "https://registry.npmjs.org/querystring/-/querystring-0.2.0.tgz",
      "integrity": "sha1-sgmEkgO7Jd+CDadW50cAWHhSFiA="
    },
    "safe-buffer": {
      "version": "5.1.2",
      "resolved": "https://registry.npmjs.org/safe-buffer/-/safe-buffer-5.1.2.tgz",
      "integrity": "sha512-Gd2UZBJDkXlY7GbJxfsE8/nvKkUEU1G38c1siN6QP6a9PT9MmHB8GnpscSmMJSoF8LOIrt8ud/wPtojys4G6+g=="
    },
    "safer-buffer": {
      "version": "2.1.2",
      "resolved": "https://registry.npmjs.org/safer-buffer/-/safer-buffer-2.1.2.tgz",
      "integrity": "sha512-YZo3K82SD7Riyi0E1EQPojLz7kpepnSQI9IyPbHHg1XXXevb5dJI7tpyN2ADxGcQbHG7vcyRHk0cbwqcQriUtg=="
    },
    "sax": {
      "version": "1.2.1",
      "resolved": "https://registry.npmjs.org/sax/-/sax-1.2.1.tgz",
      "integrity": "sha1-e45lYZCyKOgaZq6nSEgNgozS03o="
    },
    "stream-shift": {
      "version": "1.0.1",
      "resolved": "https://registry.npmjs.org/stream-shift/-/stream-shift-1.0.1.tgz",
      "integrity": "sha512-AiisoFqQ0vbGcZgQPY1cdP2I76glaVA/RauYR4G4thNFgkTqr90yXTo4LYX60Jl+sIlPNHHdGSwo01AvbKUSVQ=="
    },
    "string_decoder": {
      "version": "1.1.1",
      "resolved": "https://registry.npmjs.org/string_decoder/-/string_decoder-1.1.1.tgz",
      "integrity": "sha512-n/ShnvDi6FHbbVfviro+WojiFzv+s8MPMHBczVePfUpDJLwoLT0ht1l4YwBCbi8pJAveEEdnkHyPyTP/mzRfwg==",
      "requires": {
        "safe-buffer": "~5.1.0"
      }
    },
    "tslib": {
      "version": "2.3.1",
      "resolved": "https://registry.npmjs.org/tslib/-/tslib-2.3.1.tgz",
      "integrity": "sha512-77EbyPPpMz+FRFRuAFlWMtmgUWGe9UOG2Z25NqCwiIjRhOf5iKGuzSe5P2w1laq+FkRy4p+PCuVkJSGkzTEKVw=="
    },
    "url": {
      "version": "0.10.3",
      "resolved": "https://registry.npmjs.org/url/-/url-0.10.3.tgz",
      "integrity": "sha1-Ah5NnHcF8hu/N9A861h2dAJ3TGQ=",
      "requires": {
        "punycode": "1.3.2",
        "querystring": "0.2.0"
      }
    },
    "util-deprecate": {
      "version": "1.0.2",
      "resolved": "https://registry.npmjs.org/util-deprecate/-/util-deprecate-1.0.2.tgz",
      "integrity": "sha1-RQ1Nyfpw3nMnYvvS1KKJgUGaDM8="
    },
    "uuid": {
      "version": "8.3.2",
      "resolved": "https://registry.npmjs.org/uuid/-/uuid-8.3.2.tgz",
      "integrity": "sha512-+NYs2QeMWy+GWFOEm9xnn6HCDp0l7QBD7ml8zLUmJ+93Q5NF0NocErnwkTkXVFNiX3/fpC6afS8Dhb/gz7R7eg=="
    },
    "wrappy": {
      "version": "1.0.2",
      "resolved": "https://registry.npmjs.org/wrappy/-/wrappy-1.0.2.tgz",
      "integrity": "sha1-tSQ9jz7BqjXxNkYFvA0QNuMKtp8="
    },
    "xml2js": {
      "version": "0.4.19",
      "resolved": "https://registry.npmjs.org/xml2js/-/xml2js-0.4.19.tgz",
      "integrity": "sha512-esZnJZJOiJR9wWKMyuvSE1y6Dq5LCuJanqhxslH2bxM6duahNZ+HMpCLhBQGZkbX6xRf8x1Y2eJlgt2q3qo49Q==",
      "requires": {
        "sax": ">=0.6.0",
        "xmlbuilder": "~9.0.1"
      }
    },
    "xmlbuilder": {
      "version": "9.0.7",
      "resolved": "https://registry.npmjs.org/xmlbuilder/-/xmlbuilder-9.0.7.tgz",
      "integrity": "sha1-Ey7mPS7FVlxVfiD0wi35rKaGsQ0="
    },
    "yallist": {
      "version": "4.0.0",
      "resolved": "https://registry.npmjs.org/yallist/-/yallist-4.0.0.tgz",
      "integrity": "sha512-3wdGidZyq5PB084XLES5TpOSRA3wjXAlIWMhum2kRcv/41Sn2emQ0dycQW4uZXLejwKvg6EsvbdlVL+FYEct7A=="
    }
  }
}
